// !$*UTF8*$!
{
	archiveVersion = 1;
	classes = {
	};
	objectVersion = 77;
	objects = {

/* Begin PBXContainerItemProxy section */
		BB8CBEBF3032D56D008B8A6A /* PBXContainerItemProxy */ = {
			isa = PBXContainerItemProxy;
			containerPortal = BB8CBEA93032D56C008B8A6A /* Project object */;
			proxyType = 1;
			remoteGlobalIDString = BB8CBEB03032D56C008B8A6A;
			remoteInfo = Good_Image_Converter;
		};
		BB8CBEC93032D56D008B8A6A /* PBXContainerItemProxy */ = {
			isa = PBXContainerItemProxy;
			containerPortal = BB8CBEA93032D56C008B8A6A /* Project object */;
			proxyType = 1;
			remoteGlobalIDString = BB8CBEB03032D56C008B8A6A;
			remoteInfo = Good_Image_Converter;
		};
/* End PBXContainerItemProxy section */

/* Begin PBXFileReference section */
		BB8CBEB13032D56C008B8A6A /* Good_Image_Converter.app */ = {isa = PBXFileReference; explicitFileType = wrapper.application; includeInIndex = 0; path = Good_Image_Converter.app; sourceTree = BUILT_PRODUCTS_DIR; };
		BB8CBEBE3032D56D008B8A6A /* Good_Image_ConverterTests.xctest */ = {isa = PBXFileReference; explicitFileType = wrapper.cfbundle; includeInIndex = 0; path = Good_Image_ConverterTests.xctest; sourceTree = BUILT_PRODUCTS_DIR; };
		BB8CBEC83032D56D008B8A6A /* Good_Image_ConverterUITests.xctest */ = {isa = PBXFileReference; explicitFileType = wrapper.cfbundle; includeInIndex = 0; path = Good_Image_ConverterUITests.xctest; sourceTree = BUILT_PRODUCTS_DIR; };
/* End PBXFileReference section */

/* Begin PBXFileSystemSynchronizedRootGroup section */
		BB8CBEB33032D56C008B8A6A /* Good_Image_Converter */ = {
			isa = PBXFileSystemSynchronizedRootGroup;
			path = Good_Image_Converter;
			sourceTree = "<group>";
		};
		BB8CBEC13032D56D008B8A6A /* Good_Image_ConverterTests */ = {
			isa = PBXFileSystemSynchronizedRootGroup;
			path = Good_Image_ConverterTests;
			sourceTree = "<group>";
		};
		BB8CBECB3032D56D008B8A6A /* Good_Image_ConverterUITests */ = {
			isa = PBXFileSystemSynchronizedRootGroup;
			path = Good_Image_ConverterUITests;
			sourceTree = "<group>";
		};
/* End PBXFileSystemSynchronizedRootGroup section */

/* Begin PBXFrameworksBuildPhase section */
		BB8CBEAE3032D56C008B8A6A /* Frameworks */ = {
			isa = PBXFrameworksBuildPhase;
			buildActionMask = 2147483647;
			files = (
			);
			runOnlyForDeploymentPostprocessing = 0;
		};
		BB8CBEBB3032D56D008B8A6A /* Frameworks */ = {
			isa = PBXFrameworksBuildPhase;
			buildActionMask = 2147483647;
			files = (
			);
			runOnlyForDeploymentPostprocessing = 0;
		};
		BB8CBEC53032D56D008B8A6A /* Frameworks */ = {
			isa = PBXFrameworksBuildPhase;
			buildActionMask = 2147483647;
			files = (
			);
			runOnlyForDeploymentPostprocessing = 0;
		};
/* End PBXFrameworksBuildPhase section */

/* Begin PBXGroup section */
		BB8CBEA83032D56C008B8A6A = {
			isa = PBXGroup;
			children = (
				BB8CBEB33032D56C008B8A6A /* Good_Image_Converter */,
				BB8CBEC13032D56D008B8A6A /* Good_Image_ConverterTests */,
				BB8CBECB3032D56D008B8A6A /* Good_Image_ConverterUITests */,
				BB8CBEB23032D56C008B8A6A /* Products */,
			);
			sourceTree = "<group>";
		};
		BB8CBEB23032D56C008B8A6A /* Products */ = {
			isa = PBXGroup;
			children = (
				BB8CBEB13032D56C008B8A6A /* Good_Image_Converter.app */,
				BB8CBEBE3032D56D008B8A6A /* Good_Image_ConverterTests.xctest */,
				BB8CBEC83032D56D008B8A6A /* Good_Image_ConverterUITests.xctest */,
			);
			name = Products;
			sourceTree = "<group>";
		};
/* End PBXGroup section */

/* Begin PBXNativeTarget section */
		BB8CBEB03032D56C008B8A6A /* Good_Image_Converter */ = {
			isa = PBXNativeTarget;
			buildConfigurationList = BB8CBED23032D56D008B8A6A /* Build configuration list for PBXNativeTarget "Good_Image_Converter" */;
			buildPhases = (
				BB8CBEAD3032D56C008B8A6A /* Sources */,
				BB8CBEAE3032D56C008B8A6A /* Frameworks */,
				BB8CBEAF3032D56C008B8A6A /* Resources */,
			);
			buildRules = (
			);
			dependencies = (
			);
			fileSystemSynchronizedGroups = (
				BB8CBEB33032D56C008B8A6A /* Good_Image_Converter */,
			);
			name = Good_Image_Converter;
			packageProductDependencies = (
			);
			productName = Good_Image_Converter;
			productReference = BB8CBEB13032D56C008B8A6A /* Good_Image_Converter.app */;
			productType = "com.apple.product-type.application";
		};
		BB8CBEBD3032D56D008B8A6A /* Good_Image_ConverterTests */ = {
			isa = PBXNativeTarget;
			buildConfigurationList = BB8CBED53032D56D008B8A6A /* Build configuration list for PBXNativeTarget "Good_Image_ConverterTests" */;
			buildPhases = (
				BB8CBEBA3032D56D008B8A6A /* Sources */,
				BB8CBEBB3032D56D008B8A6A /* Frameworks */,
				BB8CBEBC3032D56D008B8A6A /* Resources */,
			);
			buildRules = (
			);
			dependencies = (
				BB8CBEC03032D56D008B8A6A /* PBXTargetDependency */,
			);
			fileSystemSynchronizedGroups = (
				BB8CBEC13032D56D008B8A6A /* Good_Image_ConverterTests */,
			);
			name = Good_Image_ConverterTests;
			packageProductDependencies = (
			);
			productName = Good_Image_ConverterTests;
			productReference = BB8CBEBE3032D56D008B8A6A /* Good_Image_ConverterTests.xctest */;
			productType = "com.apple.product-type.bundle.unit-test";
		};
		BB8CBEC73032D56D008B8A6A /* Good_Image_ConverterUITests */ = {
			isa = PBXNativeTarget;
			buildConfigurationList = BB8CBED83032D56D008B8A6A /* Build configuration list for PBXNativeTarget "Good_Image_ConverterUITests" */;
			buildPhases = (
				BB8CBEC43032D56D008B8A6A /* Sources */,
				BB8CBEC53032D56D008B8A6A /* Frameworks */,
				BB8CBEC63032D56D008B8A6A /* Resources */,
			);
			buildRules = (
			);
			dependencies = (
				BB8CBECA3032D56D008B8A6A /* PBXTargetDependency */,
			);
			fileSystemSynchronizedGroups = (
				BB8CBECB3032D56D008B8A6A /* Good_Image_ConverterUITests */,
			);
			name = Good_Image_ConverterUITests;
			packageProductDependencies = (
			);
			productName = Good_Image_ConverterUITests;
			productReference = BB8CBEC83032D56D008B8A6A /* Good_Image_ConverterUITests.xctest */;
			productType = "com.apple.product-type.bundle.ui-testing";
		};
/* End PBXNativeTarget section */

/* Begin PBXProject section */
		BB8CBEA93032D56C008B8A6A /* Project object */ = {
			isa = PBXProject;
			attributes = {
				BuildIndependentTargetsInParallel = 1;
				LastSwiftUpdateCheck = 2660;
				LastUpgradeCheck = 2660;
				TargetAttributes = {
					BB8CBEB03032D56C008B8A6A = {
						CreatedOnToolsVersion = 26.6;
					};
					BB8CBEBD3032D56D008B8A6A = {
						CreatedOnToolsVersion = 26.6;
						TestTargetID = BB8CBEB03032D56C008B8A6A;
					};
					BB8CBEC73032D56D008B8A6A = {
						CreatedOnToolsVersion = 26.6;
						TestTargetID = BB8CBEB03032D56C008B8A6A;
					};
				};
			};
			buildConfigurationList = BB8CBEAC3032D56C008B8A6A /* Build configuration list for PBXProject "Good_Image_Converter" */;
			developmentRegion = en;
			hasScannedForEncodings = 0;
			knownRegions = (
				en,
				Base,
			);
			mainGroup = BB8CBEA83032D56C008B8A6A;
			minimizedProjectReferenceProxies = 1;
			preferredProjectObjectVersion = 77;
			productRefGroup = BB8CBEB23032D56C008B8A6A /* Products */;
			projectDirPath = "";
			projectRoot = "";
			targets = (
				BB8CBEB03032D56C008B8A6A /* Good_Image_Converter */,
				BB8CBEBD3032D56D008B8A6A /* Good_Image_ConverterTests */,
				BB8CBEC73032D56D008B8A6A /* Good_Image_ConverterUITests */,
			);
		};
/* End PBXProject section */

/* Begin PBXResourcesBuildPhase section */
		BB8CBEAF3032D56C008B8A6A /* Resources */ = {
			isa = PBXResourcesBuildPhase;
			buildActionMask = 2147483647;
			files = (
			);
			runOnlyForDeploymentPostprocessing = 0;
		};
		BB8CBEBC3032D56D008B8A6A /* Resources */ = {
			isa = PBXResourcesBuildPhase;
			buildActionMask = 2147483647;
			files = (
			);
			runOnlyForDeploymentPostprocessing = 0;
		};
		BB8CBEC63032D56D008B8A6A /* Resources */ = {
			isa = PBXResourcesBuildPhase;
			buildActionMask = 2147483647;
			files = (
			);
			runOnlyForDeploymentPostprocessing = 0;
		};
/* End PBXResourcesBuildPhase section */

/* Begin PBXSourcesBuildPhase section */
		BB8CBEAD3032D56C008B8A6A /* Sources */ = {
			isa = PBXSourcesBuildPhase;
			buildActionMask = 2147483647;
			files = (
			);
			runOnlyForDeploymentPostprocessing = 0;
		};
		BB8CBEBA3032D56D008B8A6A /* Sources */ = {
			isa = PBXSourcesBuildPhase;
			buildActionMask = 2147483647;
			files = (
			);
			runOnlyForDeploymentPostprocessing = 0;
		};
		BB8CBEC43032D56D008B8A6A /* Sources */ = {
			isa = PBXSourcesBuildPhase;
			buildActionMask = 2147483647;
			files = (
			);
			runOnlyForDeploymentPostprocessing = 0;
		};
/* End PBXSourcesBuildPhase section */

/* Begin PBXTargetDependency section */
		BB8CBEC03032D56D008B8A6A /* PBXTargetDependency */ = {
			isa = PBXTargetDependency;
			target = BB8CBEB03032D56C008B8A6A /* Good_Image_Converter */;
			targetProxy = BB8CBEBF3032D56D008B8A6A /* PBXContainerItemProxy */;
		};
		BB8CBECA3032D56D008B8A6A /* PBXTargetDependency */ = {
			isa = PBXTargetDependency;
			target = BB8CBEB03032D56C008B8A6A /* Good_Image_Converter */;
			targetProxy = BB8CBEC93032D56D008B8A6A /* PBXContainerItemProxy */;
		};
/* End PBXTargetDependency section */

/* Begin XCBuildConfiguration section */
		BB8CBED03032D56D008B8A6A /* Debug */ = {
			isa = XCBuildConfiguration;
			buildSettings = {
				ALWAYS_SEARCH_USER_PATHS = NO;
				ASSETCATALOG_COMPILER_GENERATE_SWIFT_ASSET_SYMBOL_EXTENSIONS = YES;
				CLANG_ANALYZER_NONNULL = YES;
				CLANG_ANALYZER_NUMBER_OBJECT_CONVERSION = YES_AGGRESSIVE;
				CLANG_CXX_LANGUAGE_STANDARD = "gnu++20";
				CLANG_ENABLE_MODULES = YES;
				CLANG_ENABLE_OBJC_ARC = YES;
				CLANG_ENABLE_OBJC_WEAK = YES;
				CLANG_WARN_BLOCK_CAPTURE_AUTORELEASING = YES;
				CLANG_WARN_BOOL_CONVERSION = YES;
				CLANG_WARN_COMMA = YES;
				CLANG_WARN_CONSTANT_CONVERSION = YES;
				CLANG_WARN_DEPRECATED_OBJC_IMPLEMENTATIONS = YES;
				CLANG_WARN_DIRECT_OBJC_ISA_USAGE = YES_ERROR;
				CLANG_WARN_DOCUMENTATION_COMMENTS = YES;
				CLANG_WARN_EMPTY_BODY = YES;
				CLANG_WARN_ENUM_CONVERSION = YES;
				CLANG_WARN_INFINITE_RECURSION = YES;
				CLANG_WARN_INT_CONVERSION = YES;
				CLANG_WARN_NON_LITERAL_NULL_CONVERSION = YES;
				CLANG_WARN_OBJC_IMPLICIT_RETAIN_SELF = YES;
				CLANG_WARN_OBJC_LITERAL_CONVERSION = YES;
				CLANG_WARN_OBJC_ROOT_CLASS = YES_ERROR;
				CLANG_WARN_QUOTED_INCLUDE_IN_FRAMEWORK_HEADER = YES;
				CLANG_WARN_RANGE_LOOP_ANALYSIS = YES;
				CLANG_WARN_STRICT_PROTOTYPES = YES;
				CLANG_WARN_SUSPICIOUS_MOVE = YES;
				CLANG_WARN_UNGUARDED_AVAILABILITY = YES_AGGRESSIVE;
				CLANG_WARN_UNREACHABLE_CODE = YES;
				CLANG_WARN__DUPLICATE_METHOD_MATCH = YES;
				COPY_PHASE_STRIP = NO;
				DEBUG_INFORMATION_FORMAT = dwarf;
				ENABLE_STRICT_OBJC_MSGSEND = YES;
				ENABLE_TESTABILITY = YES;
				ENABLE_USER_SCRIPT_SANDBOXING = YES;
				GCC_C_LANGUAGE_STANDARD = gnu17;
				GCC_DYNAMIC_NO_PIC = NO;
				GCC_NO_COMMON_BLOCKS = YES;
				GCC_OPTIMIZATION_LEVEL = 0;
				GCC_PREPROCESSOR_DEFINITIONS = (
					"DEBUG=1",
					"$(inherited)",
				);
				GCC_WARN_64_TO_32_BIT_CONVERSION = YES;
				GCC_WARN_ABOUT_RETURN_TYPE = YES_ERROR;
				GCC_WARN_UNDECLARED_SELECTOR = YES;
				GCC_WARN_UNINITIALIZED_AUTOS = YES_AGGRESSIVE;
				GCC_WARN_UNUSED_FUNCTION = YES;
				GCC_WARN_UNUSED_VARIABLE = YES;
				IPHONEOS_DEPLOYMENT_TARGET = 17.0;
				LOCALIZATION_PREFERS_STRING_CATALOGS = YES;
				MTL_ENABLE_DEBUG_INFO = INCLUDE_SOURCE;
				MTL_FAST_MATH = YES;
				ONLY_ACTIVE_ARCH = YES;
				SDKROOT = iphoneos;
				SWIFT_ACTIVE_COMPILATION_CONDITIONS = "DEBUG $(inherited)";
				SWIFT_OPTIMIZATION_LEVEL = "-Onone";
			};
			name = Debug;
		};
		BB8CBED13032D56D008B8A6A /* Release */ = {
			isa = XCBuildConfiguration;
			buildSettings = {
				ALWAYS_SEARCH_USER_PATHS = NO;
				ASSETCATALOG_COMPILER_GENERATE_SWIFT_ASSET_SYMBOL_EXTENSIONS = YES;
				CLANG_ANALYZER_NONNULL = YES;
				CLANG_ANALYZER_NUMBER_OBJECT_CONVERSION = YES_AGGRESSIVE;
				CLANG_CXX_LANGUAGE_STANDARD = "gnu++20";
				CLANG_ENABLE_MODULES = YES;
				CLANG_ENABLE_OBJC_ARC = YES;
				CLANG_ENABLE_OBJC_WEAK = YES;
				CLANG_WARN_BLOCK_CAPTURE_AUTORELEASING = YES;
				CLANG_WARN_BOOL_CONVERSION = YES;
				CLANG_WARN_COMMA = YES;
				CLANG_WARN_CONSTANT_CONVERSION = YES;
				CLANG_WARN_DEPRECATED_OBJC_IMPLEMENTATIONS = YES;
				CLANG_WARN_DIRECT_OBJC_ISA_USAGE = YES_ERROR;
				CLANG_WARN_DOCUMENTATION_COMMENTS = YES;
				CLANG_WARN_EMPTY_BODY = YES;
				CLANG_WARN_ENUM_CONVERSION = YES;
				CLANG_WARN_INFINITE_RECURSION = YES;
				CLANG_WARN_INT_CONVERSION = YES;
				CLANG_WARN_NON_LITERAL_NULL_CONVERSION = YES;
				CLANG_WARN_OBJC_IMPLICIT_RETAIN_SELF = YES;
				CLANG_WARN_OBJC_LITERAL_CONVERSION = YES;
				CLANG_WARN_OBJC_ROOT_CLASS = YES_ERROR;
				CLANG_WARN_QUOTED_INCLUDE_IN_FRAMEWORK_HEADER = YES;
				CLANG_WARN_RANGE_LOOP_ANALYSIS = YES;
				CLANG_WARN_STRICT_PROTOTYPES = YES;
				CLANG_WARN_SUSPICIOUS_MOVE = YES;
				CLANG_WARN_UNGUARDED_AVAILABILITY = YES_AGGRESSIVE;
				CLANG_WARN_UNREACHABLE_CODE = YES;
				CLANG_WARN__DUPLICATE_METHOD_MATCH = YES;
				COPY_PHASE_STRIP = NO;
				DEBUG_INFORMATION_FORMAT = "dwarf-with-dsym";
				ENABLE_NS_ASSERTIONS = NO;
				ENABLE_STRICT_OBJC_MSGSEND = YES;
				ENABLE_USER_SCRIPT_SANDBOXING = YES;
				GCC_C_LANGUAGE_STANDARD = gnu17;
				GCC_NO_COMMON_BLOCKS = YES;
				GCC_WARN_64_TO_32_BIT_CONVERSION = YES;
				GCC_WARN_ABOUT_RETURN_TYPE = YES_ERROR;
				GCC_WARN_UNDECLARED_SELECTOR = YES;
				GCC_WARN_UNINITIALIZED_AUTOS = YES_AGGRESSIVE;
				GCC_WARN_UNUSED_FUNCTION = YES;
				GCC_WARN_UNUSED_VARIABLE = YES;
				IPHONEOS_DEPLOYMENT_TARGET = 17.0;
				LOCALIZATION_PREFERS_STRING_CATALOGS = YES;
				MTL_ENABLE_DEBUG_INFO = NO;
				MTL_FAST_MATH = YES;
				SDKROOT = iphoneos;
				SWIFT_COMPILATION_MODE = wholemodule;
				VALIDATE_PRODUCT = YES;
			};
			name = Release;
		};
		BB8CBED33032D56D008B8A6A /* Debug */ = {
			isa = XCBuildConfiguration;
			buildSettings = {
				ASSETCATALOG_COMPILER_APPICON_NAME = AppIcon;
				ASSETCATALOG_COMPILER_GLOBAL_ACCENT_COLOR_NAME = AccentColor;
				CODE_SIGN_STYLE = Automatic;
				CURRENT_PROJECT_VERSION = 2;
				DEVELOPMENT_TEAM = 5ZH5HJK3UZ;
				ENABLE_PREVIEWS = YES;
				GENERATE_INFOPLIST_FILE = YES;
				INFOPLIST_KEY_CFBundleDisplayName = "Image Converter";
				INFOPLIST_KEY_LSApplicationCategoryType = "public.app-category.productivity";
				INFOPLIST_KEY_NSCameraUsageDescription = "Used only to take a photo for you to convert. The photo stays on your device — nothing is uploaded, shared, or collected.";
				INFOPLIST_KEY_NSPhotoLibraryAddUsageDescription = "Used only to save your converted images to your library. This app cannot browse your existing photos, and nothing is uploaded, shared, or collected.";
				INFOPLIST_KEY_UIApplicationSceneManifest_Generation = YES;
				INFOPLIST_KEY_UIApplicationSupportsIndirectInputEvents = YES;
				INFOPLIST_KEY_UILaunchScreen_Generation = YES;
				INFOPLIST_KEY_UISupportedInterfaceOrientations_iPad = "UIInterfaceOrientationPortrait UIInterfaceOrientationPortraitUpsideDown UIInterfaceOrientationLandscapeLeft UIInterfaceOrientationLandscapeRight";
				INFOPLIST_KEY_UISupportedInterfaceOrientations_iPhone = "UIInterfaceOrientationPortrait UIInterfaceOrientationLandscapeLeft UIInterfaceOrientationLandscapeRight";
				LD_RUNPATH_SEARCH_PATHS = (
					"$(inherited)",
					"@executable_path/Frameworks",
				);
				MARKETING_VERSION = 1.0;
				PRODUCT_BUNDLE_IDENTIFIER = "Free-Apps.Good-Image-Converter";
				PRODUCT_NAME = "$(TARGET_NAME)";
				STRING_CATALOG_GENERATE_SYMBOLS = YES;
				SWIFT_APPROACHABLE_CONCURRENCY = YES;
				SWIFT_DEFAULT_ACTOR_ISOLATION = MainActor;
				SWIFT_EMIT_LOC_STRINGS = YES;
				SWIFT_UPCOMING_FEATURE_MEMBER_IMPORT_VISIBILITY = YES;
				SWIFT_VERSION = 5.0;
				TARGETED_DEVICE_FAMILY = "1,2";
			};
			name = Debug;
		};
		BB8CBED43032D56D008B8A6A /* Release */ = {
			isa = XCBuildConfiguration;
			buildSettings = {
				ASSETCATALOG_COMPILER_APPICON_NAME = AppIcon;
				ASSETCATALOG_COMPILER_GLOBAL_ACCENT_COLOR_NAME = AccentColor;
				CODE_SIGN_STYLE = Automatic;
				CURRENT_PROJECT_VERSION = 2;
				DEVELOPMENT_TEAM = 5ZH5HJK3UZ;
				ENABLE_PREVIEWS = YES;
				GENERATE_INFOPLIST_FILE = YES;
				INFOPLIST_KEY_CFBundleDisplayName = "Image Converter";
				INFOPLIST_KEY_LSApplicationCategoryType = "public.app-category.productivity";
				INFOPLIST_KEY_NSCameraUsageDescription = "Used only to take a photo for you to convert. The photo stays on your device — nothing is uploaded, shared, or collected.";
				INFOPLIST_KEY_NSPhotoLibraryAddUsageDescription = "Used only to save your converted images to your library. This app cannot browse your existing photos, and nothing is uploaded, shared, or collected.";
				INFOPLIST_KEY_UIApplicationSceneManifest_Generation = YES;
				INFOPLIST_KEY_UIApplicationSupportsIndirectInputEvents = YES;
				INFOPLIST_KEY_UILaunchScreen_Generation = YES;
				INFOPLIST_KEY_UISupportedInterfaceOrientations_iPad = "UIInterfaceOrientationPortrait UIInterfaceOrientationPortraitUpsideDown UIInterfaceOrientationLandscapeLeft UIInterfaceOrientationLandscapeRight";
				INFOPLIST_KEY_UISupportedInterfaceOrientations_iPhone = "UIInterfaceOrientationPortrait UIInterfaceOrientationLandscapeLeft UIInterfaceOrientationLandscapeRight";
				LD_RUNPATH_SEARCH_PATHS = (
					"$(inherited)",
					"@executable_path/Frameworks",
				);
				MARKETING_VERSION = 1.0;
				PRODUCT_BUNDLE_IDENTIFIER = "Free-Apps.Good-Image-Converter";
				PRODUCT_NAME = "$(TARGET_NAME)";
				STRING_CATALOG_GENERATE_SYMBOLS = YES;
				SWIFT_APPROACHABLE_CONCURRENCY = YES;
				SWIFT_DEFAULT_ACTOR_ISOLATION = MainActor;
				SWIFT_EMIT_LOC_STRINGS = YES;
				SWIFT_UPCOMING_FEATURE_MEMBER_IMPORT_VISIBILITY = YES;
				SWIFT_VERSION = 5.0;
				TARGETED_DEVICE_FAMILY = "1,2";
			};
			name = Release;
		};
		BB8CBED63032D56D008B8A6A /* Debug */ = {
			isa = XCBuildConfiguration;
			buildSettings = {
				BUNDLE_LOADER = "$(TEST_HOST)";
				CODE_SIGN_STYLE = Automatic;
				CURRENT_PROJECT_VERSION = 1;
				GENERATE_INFOPLIST_FILE = YES;
				IPHONEOS_DEPLOYMENT_TARGET = 17.0;
				MARKETING_VERSION = 1.0;
				PRODUCT_BUNDLE_IDENTIFIER = "Free-Apps.Good-Image-ConverterTests";
				PRODUCT_NAME = "$(TARGET_NAME)";
				STRING_CATALOG_GENERATE_SYMBOLS = NO;
				SWIFT_APPROACHABLE_CONCURRENCY = YES;
				SWIFT_EMIT_LOC_STRINGS = NO;
				SWIFT_UPCOMING_FEATURE_MEMBER_IMPORT_VISIBILITY = YES;
				SWIFT_VERSION = 5.0;
				TARGETED_DEVICE_FAMILY = "1,2";
				TEST_HOST = "$(BUILT_PRODUCTS_DIR)/Good_Image_Converter.app/$(BUNDLE_EXECUTABLE_FOLDER_PATH)/Good_Image_Converter";
			};
			name = Debug;
		};
		BB8CBED73032D56D008B8A6A /* Release */ = {
			isa = XCBuildConfiguration;
			buildSettings = {
				BUNDLE_LOADER = "$(TEST_HOST)";
				CODE_SIGN_STYLE = Automatic;
				CURRENT_PROJECT_VERSION = 1;
				GENERATE_INFOPLIST_FILE = YES;
				IPHONEOS_DEPLOYMENT_TARGET = 17.0;
				MARKETING_VERSION = 1.0;
				PRODUCT_BUNDLE_IDENTIFIER = "Free-Apps.Good-Image-ConverterTests";
				PRODUCT_NAME = "$(TARGET_NAME)";
				STRING_CATALOG_GENERATE_SYMBOLS = NO;
				SWIFT_APPROACHABLE_CONCURRENCY = YES;
				SWIFT_EMIT_LOC_STRINGS = NO;
				SWIFT_UPCOMING_FEATURE_MEMBER_IMPORT_VISIBILITY = YES;
				SWIFT_VERSION = 5.0;
				TARGETED_DEVICE_FAMILY = "1,2";
				TEST_HOST = "$(BUILT_PRODUCTS_DIR)/Good_Image_Converter.app/$(BUNDLE_EXECUTABLE_FOLDER_PATH)/Good_Image_Converter";
			};
			name = Release;
		};
		BB8CBED93032D56D008B8A6A /* Debug */ = {
			isa = XCBuildConfiguration;
			buildSettings = {
				CODE_SIGN_STYLE = Automatic;
				CURRENT_PROJECT_VERSION = 1;
				GENERATE_INFOPLIST_FILE = YES;
				MARKETING_VERSION = 1.0;
				PRODUCT_BUNDLE_IDENTIFIER = "Free-Apps.Good-Image-ConverterUITests";
				PRODUCT_NAME = "$(TARGET_NAME)";
				STRING_CATALOG_GENERATE_SYMBOLS = NO;
				SWIFT_APPROACHABLE_CONCURRENCY = YES;
				SWIFT_EMIT_LOC_STRINGS = NO;
				SWIFT_UPCOMING_FEATURE_MEMBER_IMPORT_VISIBILITY = YES;
				SWIFT_VERSION = 5.0;
				TARGETED_DEVICE_FAMILY = "1,2";
				TEST_TARGET_NAME = Good_Image_Converter;
			};
			name = Debug;
		};
		BB8CBEDA3032D56D008B8A6A /* Release */ = {
			isa = XCBuildConfiguration;
			buildSettings = {
				CODE_SIGN_STYLE = Automatic;
				CURRENT_PROJECT_VERSION = 1;
				GENERATE_INFOPLIST_FILE = YES;
				MARKETING_VERSION = 1.0;
				PRODUCT_BUNDLE_IDENTIFIER = "Free-Apps.Good-Image-ConverterUITests";
				PRODUCT_NAME = "$(TARGET_NAME)";
				STRING_CATALOG_GENERATE_SYMBOLS = NO;
				SWIFT_APPROACHABLE_CONCURRENCY = YES;
				SWIFT_EMIT_LOC_STRINGS = NO;
				SWIFT_UPCOMING_FEATURE_MEMBER_IMPORT_VISIBILITY = YES;
				SWIFT_VERSION = 5.0;
				TARGETED_DEVICE_FAMILY = "1,2";
				TEST_TARGET_NAME = Good_Image_Converter;
			};
			name = Release;
		};
/* End XCBuildConfiguration section */

/* Begin XCConfigurationList section */
		BB8CBEAC3032D56C008B8A6A /* Build configuration list for PBXProject "Good_Image_Converter" */ = {
			isa = XCConfigurationList;
			buildConfigurations = (
				BB8CBED03032D56D008B8A6A /* Debug */,
				BB8CBED13032D56D008B8A6A /* Release */,
			);
			defaultConfigurationIsVisible = 0;
			defaultConfigurationName = Release;
		};
		BB8CBED23032D56D008B8A6A /* Build configuration list for PBXNativeTarget "Good_Image_Converter" */ = {
			isa = XCConfigurationList;
			buildConfigurations = (
				BB8CBED33032D56D008B8A6A /* Debug */,
				BB8CBED43032D56D008B8A6A /* Release */,
			);
			defaultConfigurationIsVisible = 0;
			defaultConfigurationName = Release;
		};
		BB8CBED53032D56D008B8A6A /* Build configuration list for PBXNativeTarget "Good_Image_ConverterTests" */ = {
			isa = XCConfigurationList;
			buildConfigurations = (
				BB8CBED63032D56D008B8A6A /* Debug */,
				BB8CBED73032D56D008B8A6A /* Release */,
			);
			defaultConfigurationIsVisible = 0;
			defaultConfigurationName = Release;
		};
		BB8CBED83032D56D008B8A6A /* Build configuration list for PBXNativeTarget "Good_Image_ConverterUITests" */ = {
			isa = XCConfigurationList;
			buildConfigurations = (
				BB8CBED93032D56D008B8A6A /* Debug */,
				BB8CBEDA3032D56D008B8A6A /* Release */,
			);
			defaultConfigurationIsVisible = 0;
			defaultConfigurationName = Release;
		};
/* End XCConfigurationList section */
	};
	rootObject = BB8CBEA93032D56C008B8A6A /* Project object */;
}
